
Microsoft Visual Studio Solution File, Format Version 12.00
# Visual Studio Version 16
VisualStudioVersion = 16.0.30621.155
MinimumVisualStudioVersion = 10.0.40219.1
Project("{FAE04EC0-301F-11D3-BF4B-00C04F79EFBC}") = "MacBookOrderForm", "MacBookOrderForm\MacBookOrderForm.csproj", "{88A66132-D151-46A7-B58F-78FB9D2EC304}"
EndProject
Global
	GlobalSection(SolutionConfigurationPlatforms) = preSolution
		Debug|Any CPU = Debug|Any CPU
		Release|Any CPU = Release|Any CPU
	EndGlobalSection
	GlobalSection(ProjectConfigurationPlatforms) = postSolution
		{88A66132-D151-46A7-B58F-78FB9D2EC304}.Debug|Any CPU.ActiveCfg = Debug|Any CPU
		{88A66132-D151-46A7-B58F-78FB9D2EC304}.Debug|Any CPU.Build.0 = Debug|Any CPU
		{88A66132-D151-46A7-B58F-78FB9D2EC304}.Release|Any CPU.ActiveCfg = Release|Any CPU
		{88A66132-D151-46A7-B58F-78FB9D2EC304}.Release|Any CPU.Build.0 = Release|Any CPU
	EndGlobalSection
	GlobalSection(SolutionProperties) = preSolution
		HideSolutionNode = FALSE
	EndGlobalSection
	GlobalSection(ExtensibilityGlobals) = postSolution
		SolutionGuid = {52DC067D-BB82-4243-8B89-68D49915733D}
	EndGlobalSection
EndGlobal
