
Microsoft Visual Studio Solution File, Format Version 12.00
# Visual Studio Version 16
VisualStudioVersion = 16.0.30611.23
MinimumVisualStudioVersion = 10.0.40219.1
Project("{FAE04EC0-301F-11D3-BF4B-00C04F79EFBC}") = "DecisionsExercises1", "DecisionsExercises1\DecisionsExercises1.csproj", "{24538E5B-07FE-47C4-BA9D-C3B3D08C6503}"
EndProject
Global
	GlobalSection(SolutionConfigurationPlatforms) = preSolution
		Debug|Any CPU = Debug|Any CPU
		Release|Any CPU = Release|Any CPU
	EndGlobalSection
	GlobalSection(ProjectConfigurationPlatforms) = postSolution
		{24538E5B-07FE-47C4-BA9D-C3B3D08C6503}.Debug|Any CPU.ActiveCfg = Debug|Any CPU
		{24538E5B-07FE-47C4-BA9D-C3B3D08C6503}.Debug|Any CPU.Build.0 = Debug|Any CPU
		{24538E5B-07FE-47C4-BA9D-C3B3D08C6503}.Release|Any CPU.ActiveCfg = Release|Any CPU
		{24538E5B-07FE-47C4-BA9D-C3B3D08C6503}.Release|Any CPU.Build.0 = Release|Any CPU
	EndGlobalSection
	GlobalSection(SolutionProperties) = preSolution
		HideSolutionNode = FALSE
	EndGlobalSection
	GlobalSection(ExtensibilityGlobals) = postSolution
		SolutionGuid = {F2C489F2-2610-442B-BF2A-0FA921D04148}
	EndGlobalSection
EndGlobal
