
Microsoft Visual Studio Solution File, Format Version 12.00
# Visual Studio Version 16
VisualStudioVersion = 16.0.30621.155
MinimumVisualStudioVersion = 10.0.40219.1
Project("{FAE04EC0-301F-11D3-BF4B-00C04F79EFBC}") = "ForLoopDemo", "ForLoopDemo\ForLoopDemo.csproj", "{3AC9A1C6-773A-409C-881C-EA576EC804C0}"
EndProject
Global
	GlobalSection(SolutionConfigurationPlatforms) = preSolution
		Debug|Any CPU = Debug|Any CPU
		Release|Any CPU = Release|Any CPU
	EndGlobalSection
	GlobalSection(ProjectConfigurationPlatforms) = postSolution
		{3AC9A1C6-773A-409C-881C-EA576EC804C0}.Debug|Any CPU.ActiveCfg = Debug|Any CPU
		{3AC9A1C6-773A-409C-881C-EA576EC804C0}.Debug|Any CPU.Build.0 = Debug|Any CPU
		{3AC9A1C6-773A-409C-881C-EA576EC804C0}.Release|Any CPU.ActiveCfg = Release|Any CPU
		{3AC9A1C6-773A-409C-881C-EA576EC804C0}.Release|Any CPU.Build.0 = Release|Any CPU
	EndGlobalSection
	GlobalSection(SolutionProperties) = preSolution
		HideSolutionNode = FALSE
	EndGlobalSection
	GlobalSection(ExtensibilityGlobals) = postSolution
		SolutionGuid = {8145E89D-6ECA-4503-8F45-7C7DAC84E492}
	EndGlobalSection
EndGlobal
