
Microsoft Visual Studio Solution File, Format Version 12.00
# Visual Studio Version 16
VisualStudioVersion = 16.0.30621.155
MinimumVisualStudioVersion = 10.0.40219.1
Project("{FAE04EC0-301F-11D3-BF4B-00C04F79EFBC}") = "WhileLoopExercises", "WhileLoopExercises\WhileLoopExercises.csproj", "{A5DD6A7F-0CA0-4B94-B87A-082BBC718B66}"
EndProject
Global
	GlobalSection(SolutionConfigurationPlatforms) = preSolution
		Debug|Any CPU = Debug|Any CPU
		Release|Any CPU = Release|Any CPU
	EndGlobalSection
	GlobalSection(ProjectConfigurationPlatforms) = postSolution
		{A5DD6A7F-0CA0-4B94-B87A-082BBC718B66}.Debug|Any CPU.ActiveCfg = Debug|Any CPU
		{A5DD6A7F-0CA0-4B94-B87A-082BBC718B66}.Debug|Any CPU.Build.0 = Debug|Any CPU
		{A5DD6A7F-0CA0-4B94-B87A-082BBC718B66}.Release|Any CPU.ActiveCfg = Release|Any CPU
		{A5DD6A7F-0CA0-4B94-B87A-082BBC718B66}.Release|Any CPU.Build.0 = Release|Any CPU
	EndGlobalSection
	GlobalSection(SolutionProperties) = preSolution
		HideSolutionNode = FALSE
	EndGlobalSection
	GlobalSection(ExtensibilityGlobals) = postSolution
		SolutionGuid = {0A3155B7-31EE-42A1-852D-DB4F0E98434D}
	EndGlobalSection
EndGlobal
