
Microsoft Visual Studio Solution File, Format Version 12.00
# Visual Studio Version 16
VisualStudioVersion = 16.0.30621.155
MinimumVisualStudioVersion = 10.0.40219.1
Project("{FAE04EC0-301F-11D3-BF4B-00C04F79EFBC}") = "MultiHandleDemo", "MultiHandleDemo\MultiHandleDemo.csproj", "{19AE5C8F-057F-4D6E-AB13-D4C9EB6FCC8E}"
EndProject
Global
	GlobalSection(SolutionConfigurationPlatforms) = preSolution
		Debug|Any CPU = Debug|Any CPU
		Release|Any CPU = Release|Any CPU
	EndGlobalSection
	GlobalSection(ProjectConfigurationPlatforms) = postSolution
		{19AE5C8F-057F-4D6E-AB13-D4C9EB6FCC8E}.Debug|Any CPU.ActiveCfg = Debug|Any CPU
		{19AE5C8F-057F-4D6E-AB13-D4C9EB6FCC8E}.Debug|Any CPU.Build.0 = Debug|Any CPU
		{19AE5C8F-057F-4D6E-AB13-D4C9EB6FCC8E}.Release|Any CPU.ActiveCfg = Release|Any CPU
		{19AE5C8F-057F-4D6E-AB13-D4C9EB6FCC8E}.Release|Any CPU.Build.0 = Release|Any CPU
	EndGlobalSection
	GlobalSection(SolutionProperties) = preSolution
		HideSolutionNode = FALSE
	EndGlobalSection
	GlobalSection(ExtensibilityGlobals) = postSolution
		SolutionGuid = {A1C7CAE9-177F-4141-B862-1C73E206C101}
	EndGlobalSection
EndGlobal
